// !$*UTF8*$!
{
	archiveVersion = 1;
	classes = {
	};
	objectVersion = 50;
	objects = {

/* Begin PBXBuildFile section */
		28054D4F2275007C00A6881E /* aah.h in Headers */ = {isa = PBXBuildFile; fileRef = 28054D4D2275007C00A6881E /* aah.h */; };
		28054D502275007C00A6881E /* aah.c in Sources */ = {isa = PBXBuildFile; fileRef = 28054D4E2275007C00A6881E /* aah.c */; };
		28054D572275008F00A6881E /* loader.c in Sources */ = {isa = PBXBuildFile; fileRef = 28054D512275008F00A6881E /* loader.c */; };
		28054D582275008F00A6881E /* emulator.cc in Sources */ = {isa = PBXBuildFile; fileRef = 28054D522275008F00A6881E /* emulator.cc */; };
		28054D592275008F00A6881E /* ffi_arm64.c in Sources */ = {isa = PBXBuildFile; fileRef = 28054D532275008F00A6881E /* ffi_arm64.c */; };
		28054D5A2275008F00A6881E /* memory.c in Sources */ = {isa = PBXBuildFile; fileRef = 28054D542275008F00A6881E /* memory.c */; };
		28054D5B2275008F00A6881E /* cif.c in Sources */ = {isa = PBXBuildFile; fileRef = 28054D552275008F00A6881E /* cif.c */; };
		28054D5C2275008F00A6881E /* ffi_arm64.h in Headers */ = {isa = PBXBuildFile; fileRef = 28054D562275008F00A6881E /* ffi_arm64.h */; };
		28054D7B227500DA00A6881E /* uc_priv.h in Headers */ = {isa = PBXBuildFile; fileRef = 28054D5F227500DA00A6881E /* uc_priv.h */; };
		28054D7C227500DA00A6881E /* list.h in Headers */ = {isa = PBXBuildFile; fileRef = 28054D60227500DA00A6881E /* list.h */; };
		28054D7D227500DA00A6881E /* capstone.h in Headers */ = {isa = PBXBuildFile; fileRef = 28054D62227500DA00A6881E /* capstone.h */; };
		28054D7E227500DA00A6881E /* mips.h in Headers */ = {isa = PBXBuildFile; fileRef = 28054D63227500DA00A6881E /* mips.h */; };
		28054D7F227500DA00A6881E /* sparc.h in Headers */ = {isa = PBXBuildFile; fileRef = 28054D64227500DA00A6881E /* sparc.h */; };
		28054D80227500DA00A6881E /* systemz.h in Headers */ = {isa = PBXBuildFile; fileRef = 28054D65227500DA00A6881E /* systemz.h */; };
		28054D81227500DA00A6881E /* m68k.h in Headers */ = {isa = PBXBuildFile; fileRef = 28054D66227500DA00A6881E /* m68k.h */; };
		28054D82227500DA00A6881E /* arm.h in Headers */ = {isa = PBXBuildFile; fileRef = 28054D67227500DA00A6881E /* arm.h */; };
		28054D83227500DA00A6881E /* mos65xx.h in Headers */ = {isa = PBXBuildFile; fileRef = 28054D68227500DA00A6881E /* mos65xx.h */; };
		28054D84227500DA00A6881E /* evm.h in Headers */ = {isa = PBXBuildFile; fileRef = 28054D69227500DA00A6881E /* evm.h */; };
		28054D85227500DA00A6881E /* x86.h in Headers */ = {isa = PBXBuildFile; fileRef = 28054D6A227500DA00A6881E /* x86.h */; };
		28054D86227500DA00A6881E /* ppc.h in Headers */ = {isa = PBXBuildFile; fileRef = 28054D6B227500DA00A6881E /* ppc.h */; };
		28054D87227500DA00A6881E /* arm64.h in Headers */ = {isa = PBXBuildFile; fileRef = 28054D6C227500DA00A6881E /* arm64.h */; };
		28054D88227500DA00A6881E /* xcore.h in Headers */ = {isa = PBXBuildFile; fileRef = 28054D6D227500DA00A6881E /* xcore.h */; };
		28054D89227500DA00A6881E /* m680x.h in Headers */ = {isa = PBXBuildFile; fileRef = 28054D6E227500DA00A6881E /* m680x.h */; };
		28054D8A227500DA00A6881E /* platform.h in Headers */ = {isa = PBXBuildFile; fileRef = 28054D6F227500DA00A6881E /* platform.h */; };
		28054D8B227500DA00A6881E /* tms320c64x.h in Headers */ = {isa = PBXBuildFile; fileRef = 28054D70227500DA00A6881E /* tms320c64x.h */; };
		28054D8C227500DA00A6881E /* mips.h in Headers */ = {isa = PBXBuildFile; fileRef = 28054D72227500DA00A6881E /* mips.h */; };
		28054D8D227500DA00A6881E /* unicorn.h in Headers */ = {isa = PBXBuildFile; fileRef = 28054D73227500DA00A6881E /* unicorn.h */; };
		28054D8E227500DA00A6881E /* sparc.h in Headers */ = {isa = PBXBuildFile; fileRef = 28054D74227500DA00A6881E /* sparc.h */; };
		28054D8F227500DA00A6881E /* m68k.h in Headers */ = {isa = PBXBuildFile; fileRef = 28054D75227500DA00A6881E /* m68k.h */; };
		28054D90227500DA00A6881E /* arm.h in Headers */ = {isa = PBXBuildFile; fileRef = 28054D76227500DA00A6881E /* arm.h */; };
		28054D91227500DA00A6881E /* x86.h in Headers */ = {isa = PBXBuildFile; fileRef = 28054D77227500DA00A6881E /* x86.h */; };
		28054D92227500DA00A6881E /* arm64.h in Headers */ = {isa = PBXBuildFile; fileRef = 28054D78227500DA00A6881E /* arm64.h */; };
		28054D93227500DA00A6881E /* platform.h in Headers */ = {isa = PBXBuildFile; fileRef = 28054D79227500DA00A6881E /* platform.h */; };
		28054D94227500DA00A6881E /* qemu.h in Headers */ = {isa = PBXBuildFile; fileRef = 28054D7A227500DA00A6881E /* qemu.h */; };
		28054D9D227501E200A6881E /* libcapstone.a in Frameworks */ = {isa = PBXBuildFile; fileRef = 28054D962275017E00A6881E /* libcapstone.a */; };
		28054D9E227501E400A6881E /* libffi.a in Frameworks */ = {isa = PBXBuildFile; fileRef = 28054D972275017E00A6881E /* libffi.a */; };
		28054D9F227501E700A6881E /* libunicorn.a in Frameworks */ = {isa = PBXBuildFile; fileRef = 28054D952275017E00A6881E /* libunicorn.a */; };
		28054DAF2275083500A6881E /* printf.c in Sources */ = {isa = PBXBuildFile; fileRef = 28054DAC2275083500A6881E /* printf.c */; };
		28054DB02275083500A6881E /* printf.h in Headers */ = {isa = PBXBuildFile; fileRef = 28054DAD2275083500A6881E /* printf.h */; };
		28054DB12275083500A6881E /* nslog.m in Sources */ = {isa = PBXBuildFile; fileRef = 28054DAE2275083500A6881E /* nslog.m */; };
		28054DB3227A0BC200A6881E /* objc_msgSend.m in Sources */ = {isa = PBXBuildFile; fileRef = 28054DB2227A0BC200A6881E /* objc_msgSend.m */; };
		28A8BEFB2280B2C1006A31F0 /* objc-cif.m in Sources */ = {isa = PBXBuildFile; fileRef = 28A8BEFA2280B2C1006A31F0 /* objc-cif.m */; };
		28A8BEFD2280B3C4006A31F0 /* libobjc.tbd in Frameworks */ = {isa = PBXBuildFile; fileRef = 28A8BEFC2280B3C4006A31F0 /* libobjc.tbd */; };
		28A8BF0B22876490006A31F0 /* c++abi.c in Sources */ = {isa = PBXBuildFile; fileRef = 28A8BF0A22876490006A31F0 /* c++abi.c */; };
/* End PBXBuildFile section */

/* Begin PBXFileReference section */
		28054D452275004B00A6881E /* libaah.dylib */ = {isa = PBXFileReference; explicitFileType = "compiled.mach-o.dylib"; includeInIndex = 0; path = libaah.dylib; sourceTree = BUILT_PRODUCTS_DIR; };
		28054D4D2275007C00A6881E /* aah.h */ = {isa = PBXFileReference; fileEncoding = 4; lastKnownFileType = sourcecode.c.h; path = aah.h; sourceTree = "<group>"; };
		28054D4E2275007C00A6881E /* aah.c */ = {isa = PBXFileReference; fileEncoding = 4; lastKnownFileType = sourcecode.c.c; path = aah.c; sourceTree = "<group>"; };
		28054D512275008F00A6881E /* loader.c */ = {isa = PBXFileReference; fileEncoding = 4; lastKnownFileType = sourcecode.c.c; path = loader.c; sourceTree = "<group>"; };
		28054D522275008F00A6881E /* emulator.cc */ = {isa = PBXFileReference; fileEncoding = 4; lastKnownFileType = sourcecode.cpp.cpp; path = emulator.cc; sourceTree = "<group>"; };
		28054D532275008F00A6881E /* ffi_arm64.c */ = {isa = PBXFileReference; fileEncoding = 4; lastKnownFileType = sourcecode.c.c; path = ffi_arm64.c; sourceTree = "<group>"; };
		28054D542275008F00A6881E /* memory.c */ = {isa = PBXFileReference; fileEncoding = 4; lastKnownFileType = sourcecode.c.c; path = memory.c; sourceTree = "<group>"; };
		28054D552275008F00A6881E /* cif.c */ = {isa = PBXFileReference; fileEncoding = 4; lastKnownFileType = sourcecode.c.c; path = cif.c; sourceTree = "<group>"; };
		28054D562275008F00A6881E /* ffi_arm64.h */ = {isa = PBXFileReference; fileEncoding = 4; lastKnownFileType = sourcecode.c.h; path = ffi_arm64.h; sourceTree = "<group>"; };
		28054D5D227500CA00A6881E /* SymbolTable.plist */ = {isa = PBXFileReference; explicitFileType = text.xml; path = SymbolTable.plist; sourceTree = "<group>"; };
		28054D5F227500DA00A6881E /* uc_priv.h */ = {isa = PBXFileReference; fileEncoding = 4; lastKnownFileType = sourcecode.c.h; path = uc_priv.h; sourceTree = "<group>"; };
		28054D60227500DA00A6881E /* list.h */ = {isa = PBXFileReference; fileEncoding = 4; lastKnownFileType = sourcecode.c.h; path = list.h; sourceTree = "<group>"; };
		28054D62227500DA00A6881E /* capstone.h */ = {isa = PBXFileReference; fileEncoding = 4; lastKnownFileType = sourcecode.c.h; path = capstone.h; sourceTree = "<group>"; };
		28054D63227500DA00A6881E /* mips.h */ = {isa = PBXFileReference; fileEncoding = 4; lastKnownFileType = sourcecode.c.h; path = mips.h; sourceTree = "<group>"; };
		28054D64227500DA00A6881E /* sparc.h */ = {isa = PBXFileReference; fileEncoding = 4; lastKnownFileType = sourcecode.c.h; path = sparc.h; sourceTree = "<group>"; };
		28054D65227500DA00A6881E /* systemz.h */ = {isa = PBXFileReference; fileEncoding = 4; lastKnownFileType = sourcecode.c.h; path = systemz.h; sourceTree = "<group>"; };
		28054D66227500DA00A6881E /* m68k.h */ = {isa = PBXFileReference; fileEncoding = 4; lastKnownFileType = sourcecode.c.h; path = m68k.h; sourceTree = "<group>"; };
		28054D67227500DA00A6881E /* arm.h */ = {isa = PBXFileReference; fileEncoding = 4; lastKnownFileType = sourcecode.c.h; path = arm.h; sourceTree = "<group>"; };
		28054D68227500DA00A6881E /* mos65xx.h */ = {isa = PBXFileReference; fileEncoding = 4; lastKnownFileType = sourcecode.c.h; path = mos65xx.h; sourceTree = "<group>"; };
		28054D69227500DA00A6881E /* evm.h */ = {isa = PBXFileReference; fileEncoding = 4; lastKnownFileType = sourcecode.c.h; path = evm.h; sourceTree = "<group>"; };
		28054D6A227500DA00A6881E /* x86.h */ = {isa = PBXFileReference; fileEncoding = 4; lastKnownFileType = sourcecode.c.h; path = x86.h; sourceTree = "<group>"; };
		28054D6B227500DA00A6881E /* ppc.h */ = {isa = PBXFileReference; fileEncoding = 4; lastKnownFileType = sourcecode.c.h; path = ppc.h; sourceTree = "<group>"; };
		28054D6C227500DA00A6881E /* arm64.h */ = {isa = PBXFileReference; fileEncoding = 4; lastKnownFileType = sourcecode.c.h; path = arm64.h; sourceTree = "<group>"; };
		28054D6D227500DA00A6881E /* xcore.h */ = {isa = PBXFileReference; fileEncoding = 4; lastKnownFileType = sourcecode.c.h; path = xcore.h; sourceTree = "<group>"; };
		28054D6E227500DA00A6881E /* m680x.h */ = {isa = PBXFileReference; fileEncoding = 4; lastKnownFileType = sourcecode.c.h; path = m680x.h; sourceTree = "<group>"; };
		28054D6F227500DA00A6881E /* platform.h */ = {isa = PBXFileReference; fileEncoding = 4; lastKnownFileType = sourcecode.c.h; path = platform.h; sourceTree = "<group>"; };
		28054D70227500DA00A6881E /* tms320c64x.h */ = {isa = PBXFileReference; fileEncoding = 4; lastKnownFileType = sourcecode.c.h; path = tms320c64x.h; sourceTree = "<group>"; };
		28054D72227500DA00A6881E /* mips.h */ = {isa = PBXFileReference; fileEncoding = 4; lastKnownFileType = sourcecode.c.h; path = mips.h; sourceTree = "<group>"; };
		28054D73227500DA00A6881E /* unicorn.h */ = {isa = PBXFileReference; fileEncoding = 4; lastKnownFileType = sourcecode.c.h; path = unicorn.h; sourceTree = "<group>"; };
		28054D74227500DA00A6881E /* sparc.h */ = {isa = PBXFileReference; fileEncoding = 4; lastKnownFileType = sourcecode.c.h; path = sparc.h; sourceTree = "<group>"; };
		28054D75227500DA00A6881E /* m68k.h */ = {isa = PBXFileReference; fileEncoding = 4; lastKnownFileType = sourcecode.c.h; path = m68k.h; sourceTree = "<group>"; };
		28054D76227500DA00A6881E /* arm.h */ = {isa = PBXFileReference; fileEncoding = 4; lastKnownFileType = sourcecode.c.h; path = arm.h; sourceTree = "<group>"; };
		28054D77227500DA00A6881E /* x86.h */ = {isa = PBXFileReference; fileEncoding = 4; lastKnownFileType = sourcecode.c.h; path = x86.h; sourceTree = "<group>"; };
		28054D78227500DA00A6881E /* arm64.h */ = {isa = PBXFileReference; fileEncoding = 4; lastKnownFileType = sourcecode.c.h; path = arm64.h; sourceTree = "<group>"; };
		28054D79227500DA00A6881E /* platform.h */ = {isa = PBXFileReference; fileEncoding = 4; lastKnownFileType = sourcecode.c.h; path = platform.h; sourceTree = "<group>"; };
		28054D7A227500DA00A6881E /* qemu.h */ = {isa = PBXFileReference; fileEncoding = 4; lastKnownFileType = sourcecode.c.h; path = qemu.h; sourceTree = "<group>"; };
		28054D952275017E00A6881E /* libunicorn.a */ = {isa = PBXFileReference; lastKnownFileType = archive.ar; path = libunicorn.a; sourceTree = "<group>"; };
		28054D962275017E00A6881E /* libcapstone.a */ = {isa = PBXFileReference; lastKnownFileType = archive.ar; path = libcapstone.a; sourceTree = "<group>"; };
		28054D972275017E00A6881E /* libffi.a */ = {isa = PBXFileReference; lastKnownFileType = archive.ar; path = libffi.a; sourceTree = "<group>"; };
		28054DAC2275083500A6881E /* printf.c */ = {isa = PBXFileReference; fileEncoding = 4; lastKnownFileType = sourcecode.c.c; path = printf.c; sourceTree = "<group>"; };
		28054DAD2275083500A6881E /* printf.h */ = {isa = PBXFileReference; fileEncoding = 4; lastKnownFileType = sourcecode.c.h; path = printf.h; sourceTree = "<group>"; };
		28054DAE2275083500A6881E /* nslog.m */ = {isa = PBXFileReference; fileEncoding = 4; lastKnownFileType = sourcecode.c.objc; path = nslog.m; sourceTree = "<group>"; };
		28054DB2227A0BC200A6881E /* objc_msgSend.m */ = {isa = PBXFileReference; lastKnownFileType = sourcecode.c.objc; path = objc_msgSend.m; sourceTree = "<group>"; };
		28A8BEFA2280B2C1006A31F0 /* objc-cif.m */ = {isa = PBXFileReference; lastKnownFileType = sourcecode.c.objc; path = "objc-cif.m"; sourceTree = "<group>"; };
		28A8BEFC2280B3C4006A31F0 /* libobjc.tbd */ = {isa = PBXFileReference; lastKnownFileType = "sourcecode.text-based-dylib-definition"; name = libobjc.tbd; path = usr/lib/libobjc.tbd; sourceTree = SDKROOT; };
		28A8BF0A22876490006A31F0 /* c++abi.c */ = {isa = PBXFileReference; lastKnownFileType = sourcecode.c.c; path = "c++abi.c"; sourceTree = "<group>"; };
/* End PBXFileReference section */

/* Begin PBXFrameworksBuildPhase section */
		28054D432275004B00A6881E /* Frameworks */ = {
			isa = PBXFrameworksBuildPhase;
			buildActionMask = 2147483647;
			files = (
				28A8BEFD2280B3C4006A31F0 /* libobjc.tbd in Frameworks */,
				28054D9D227501E200A6881E /* libcapstone.a in Frameworks */,
				28054D9E227501E400A6881E /* libffi.a in Frameworks */,
				28054D9F227501E700A6881E /* libunicorn.a in Frameworks */,
			);
			runOnlyForDeploymentPostprocessing = 0;
		};
/* End PBXFrameworksBuildPhase section */

/* Begin PBXGroup section */
		28054D3C2275004B00A6881E = {
			isa = PBXGroup;
			children = (
				28054D5D227500CA00A6881E /* SymbolTable.plist */,
				28054D5E227500DA00A6881E /* include */,
				28054D4C2275007100A6881E /* Sources */,
				28054D9C227501E200A6881E /* Frameworks */,
				28054D462275004B00A6881E /* Products */,
			);
			sourceTree = "<group>";
		};
		28054D462275004B00A6881E /* Products */ = {
			isa = PBXGroup;
			children = (
				28054D452275004B00A6881E /* libaah.dylib */,
			);
			name = Products;
			sourceTree = "<group>";
		};
		28054D4C2275007100A6881E /* Sources */ = {
			isa = PBXGroup;
			children = (
				28054D552275008F00A6881E /* cif.c */,
				28A8BEFA2280B2C1006A31F0 /* objc-cif.m */,
				28054D522275008F00A6881E /* emulator.cc */,
				28054D532275008F00A6881E /* ffi_arm64.c */,
				28054D562275008F00A6881E /* ffi_arm64.h */,
				28054D512275008F00A6881E /* loader.c */,
				28054D542275008F00A6881E /* memory.c */,
				28054D4E2275007C00A6881E /* aah.c */,
				28054D4D2275007C00A6881E /* aah.h */,
				28054DAB2275083500A6881E /* shims */,
			);
			path = Sources;
			sourceTree = "<group>";
		};
		28054D5E227500DA00A6881E /* include */ = {
			isa = PBXGroup;
			children = (
				28054D5F227500DA00A6881E /* uc_priv.h */,
				28054D60227500DA00A6881E /* list.h */,
				28054D61227500DA00A6881E /* capstone */,
				28054D71227500DA00A6881E /* unicorn */,
				28054D7A227500DA00A6881E /* qemu.h */,
			);
			path = include;
			sourceTree = "<group>";
		};
		28054D61227500DA00A6881E /* capstone */ = {
			isa = PBXGroup;
			children = (
				28054D62227500DA00A6881E /* capstone.h */,
				28054D63227500DA00A6881E /* mips.h */,
				28054D64227500DA00A6881E /* sparc.h */,
				28054D65227500DA00A6881E /* systemz.h */,
				28054D66227500DA00A6881E /* m68k.h */,
				28054D67227500DA00A6881E /* arm.h */,
				28054D68227500DA00A6881E /* mos65xx.h */,
				28054D69227500DA00A6881E /* evm.h */,
				28054D6A227500DA00A6881E /* x86.h */,
				28054D6B227500DA00A6881E /* ppc.h */,
				28054D6C227500DA00A6881E /* arm64.h */,
				28054D6D227500DA00A6881E /* xcore.h */,
				28054D6E227500DA00A6881E /* m680x.h */,
				28054D6F227500DA00A6881E /* platform.h */,
				28054D70227500DA00A6881E /* tms320c64x.h */,
			);
			path = capstone;
			sourceTree = "<group>";
		};
		28054D71227500DA00A6881E /* unicorn */ = {
			isa = PBXGroup;
			children = (
				28054D72227500DA00A6881E /* mips.h */,
				28054D73227500DA00A6881E /* unicorn.h */,
				28054D74227500DA00A6881E /* sparc.h */,
				28054D75227500DA00A6881E /* m68k.h */,
				28054D76227500DA00A6881E /* arm.h */,
				28054D77227500DA00A6881E /* x86.h */,
				28054D78227500DA00A6881E /* arm64.h */,
				28054D79227500DA00A6881E /* platform.h */,
			);
			path = unicorn;
			sourceTree = "<group>";
		};
		28054D9C227501E200A6881E /* Frameworks */ = {
			isa = PBXGroup;
			children = (
				28A8BEFC2280B3C4006A31F0 /* libobjc.tbd */,
				28054D962275017E00A6881E /* libcapstone.a */,
				28054D972275017E00A6881E /* libffi.a */,
				28054D952275017E00A6881E /* libunicorn.a */,
			);
			name = Frameworks;
			sourceTree = "<group>";
		};
		28054DAB2275083500A6881E /* shims */ = {
			isa = PBXGroup;
			children = (
				28054DAC2275083500A6881E /* printf.c */,
				28054DAD2275083500A6881E /* printf.h */,
				28054DAE2275083500A6881E /* nslog.m */,
				28054DB2227A0BC200A6881E /* objc_msgSend.m */,
				28A8BF0A22876490006A31F0 /* c++abi.c */,
			);
			path = shims;
			sourceTree = "<group>";
		};
/* End PBXGroup section */

/* Begin PBXHeadersBuildPhase section */
		28054D412275004B00A6881E /* Headers */ = {
			isa = PBXHeadersBuildPhase;
			buildActionMask = 2147483647;
			files = (
				28054D91227500DA00A6881E /* x86.h in Headers */,
				28054D7C227500DA00A6881E /* list.h in Headers */,
				28054D7B227500DA00A6881E /* uc_priv.h in Headers */,
				28054D4F2275007C00A6881E /* aah.h in Headers */,
				28054D90227500DA00A6881E /* arm.h in Headers */,
				28054D8D227500DA00A6881E /* unicorn.h in Headers */,
				28054D93227500DA00A6881E /* platform.h in Headers */,
				28054D84227500DA00A6881E /* evm.h in Headers */,
				28054D82227500DA00A6881E /* arm.h in Headers */,
				28054D8C227500DA00A6881E /* mips.h in Headers */,
				28054D7F227500DA00A6881E /* sparc.h in Headers */,
				28054D7E227500DA00A6881E /* mips.h in Headers */,
				28054D92227500DA00A6881E /* arm64.h in Headers */,
				28054D85227500DA00A6881E /* x86.h in Headers */,
				28054D7D227500DA00A6881E /* capstone.h in Headers */,
				28054D8F227500DA00A6881E /* m68k.h in Headers */,
				28054DB02275083500A6881E /* printf.h in Headers */,
				28054D87227500DA00A6881E /* arm64.h in Headers */,
				28054D81227500DA00A6881E /* m68k.h in Headers */,
				28054D80227500DA00A6881E /* systemz.h in Headers */,
				28054D89227500DA00A6881E /* m680x.h in Headers */,
				28054D94227500DA00A6881E /* qemu.h in Headers */,
				28054D83227500DA00A6881E /* mos65xx.h in Headers */,
				28054D8E227500DA00A6881E /* sparc.h in Headers */,
				28054D86227500DA00A6881E /* ppc.h in Headers */,
				28054D8A227500DA00A6881E /* platform.h in Headers */,
				28054D88227500DA00A6881E /* xcore.h in Headers */,
				28054D5C2275008F00A6881E /* ffi_arm64.h in Headers */,
				28054D8B227500DA00A6881E /* tms320c64x.h in Headers */,
			);
			runOnlyForDeploymentPostprocessing = 0;
		};
/* End PBXHeadersBuildPhase section */

/* Begin PBXNativeTarget section */
		28054D442275004B00A6881E /* aah */ = {
			isa = PBXNativeTarget;
			buildConfigurationList = 28054D492275004B00A6881E /* Build configuration list for PBXNativeTarget "aah" */;
			buildPhases = (
				28054DA12275031B00A6881E /* Binarize Symbol Table plist */,
				28054D412275004B00A6881E /* Headers */,
				28054D422275004B00A6881E /* Sources */,
				28054D432275004B00A6881E /* Frameworks */,
				28054DA92275050700A6881E /* Create Test Binary */,
			);
			buildRules = (
			);
			dependencies = (
			);
			name = aah;
			productName = aah;
			productReference = 28054D452275004B00A6881E /* libaah.dylib */;
			productType = "com.apple.product-type.library.dynamic";
		};
/* End PBXNativeTarget section */

/* Begin PBXProject section */
		28054D3D2275004B00A6881E /* Project object */ = {
			isa = PBXProject;
			attributes = {
				LastUpgradeCheck = 1020;
				ORGANIZATIONNAME = namedfork;
				TargetAttributes = {
					28054D442275004B00A6881E = {
						CreatedOnToolsVersion = 10.2.1;
					};
				};
			};
			buildConfigurationList = 28054D402275004B00A6881E /* Build configuration list for PBXProject "aah" */;
			compatibilityVersion = "Xcode 9.3";
			developmentRegion = en;
			hasScannedForEncodings = 0;
			knownRegions = (
				en,
			);
			mainGroup = 28054D3C2275004B00A6881E;
			productRefGroup = 28054D462275004B00A6881E /* Products */;
			projectDirPath = "";
			projectRoot = "";
			targets = (
				28054D442275004B00A6881E /* aah */,
			);
		};
/* End PBXProject section */

/* Begin PBXShellScriptBuildPhase section */
		28054DA12275031B00A6881E /* Binarize Symbol Table plist */ = {
			isa = PBXShellScriptBuildPhase;
			buildActionMask = 2147483647;
			files = (
			);
			inputFileListPaths = (
			);
			inputPaths = (
				"$(SRCROOT)/SymbolTable.plist",
			);
			name = "Binarize Symbol Table plist";
			outputFileListPaths = (
			);
			outputPaths = (
				"$(DERIVED_FILE_DIR)/SymbolTable.plist.bin",
			);
			runOnlyForDeploymentPostprocessing = 0;
			shellPath = /bin/sh;
			shellScript = "plutil -convert binary1 \"$SRCROOT/SymbolTable.plist\" -o \"$DERIVED_FILE_DIR/SymbolTable.plist.bin\"\n";
		};
		28054DA92275050700A6881E /* Create Test Binary */ = {
			isa = PBXShellScriptBuildPhase;
			buildActionMask = 2147483647;
			files = (
			);
			inputFileListPaths = (
			);
			inputPaths = (
				"/Users/zydeco/Library/Developer/Xcode/DerivedData/AppThing-bzitzwcvwpbwmjfplkfnopxscxca/Build/Products/Debug-iphoneos/AppThing.app/AppThing",
			);
			name = "Create Test Binary";
			outputFileListPaths = (
			);
			outputPaths = (
				"$(TARGET_BUILD_DIR)/TestBinary",
			);
			runOnlyForDeploymentPostprocessing = 0;
			shellPath = /bin/sh;
			shellScript = "exit\n\ncp \"$SCRIPT_INPUT_FILE_0\" \"$SCRIPT_OUTPUT_FILE_0\"\ncodesign --remove-signature \"$SCRIPT_OUTPUT_FILE_0\"\n# make x86_64\necho \"00000004: 0700 0001 0300\" | xxd -r - \"$SCRIPT_OUTPUT_FILE_0\"\n# remove PIE\necho \"0000001a: 0100\" | xxd -r - \"$SCRIPT_OUTPUT_FILE_0\"\n# add marker in reserved field of header\necho \"0000001c: 0C40 6D45\" | xxd -r - \"$SCRIPT_OUTPUT_FILE_0\"\n# change platform to macOS\nggrep -obUaP \"\\x32\\x00\\x00\\x00\\x20\\x00\\x00\\x00\\x02\\x00\\x00\\x00\\x00\" \"$SCRIPT_OUTPUT_FILE_0\" | head -n 1 | cut -d: -f1 | xargs printf \"%08x: 32000000 20000000 06000000 000E0A00\" | xxd -r -g 4 - \"$SCRIPT_OUTPUT_FILE_0\"\n\n";
		};
/* End PBXShellScriptBuildPhase section */

/* Begin PBXSourcesBuildPhase section */
		28054D422275004B00A6881E /* Sources */ = {
			isa = PBXSourcesBuildPhase;
			buildActionMask = 2147483647;
			files = (
				28054DB3227A0BC200A6881E /* objc_msgSend.m in Sources */,
				28054D5B2275008F00A6881E /* cif.c in Sources */,
				28054D582275008F00A6881E /* emulator.cc in Sources */,
				28054DAF2275083500A6881E /* printf.c in Sources */,
				28A8BEFB2280B2C1006A31F0 /* objc-cif.m in Sources */,
				28054D572275008F00A6881E /* loader.c in Sources */,
				28A8BF0B22876490006A31F0 /* c++abi.c in Sources */,
				28054D5A2275008F00A6881E /* memory.c in Sources */,
				28054DB12275083500A6881E /* nslog.m in Sources */,
				28054D592275008F00A6881E /* ffi_arm64.c in Sources */,
				28054D502275007C00A6881E /* aah.c in Sources */,
			);
			runOnlyForDeploymentPostprocessing = 0;
		};
/* End PBXSourcesBuildPhase section */

/* Begin XCBuildConfiguration section */
		28054D472275004B00A6881E /* Debug */ = {
			isa = XCBuildConfiguration;
			buildSettings = {
				ALWAYS_SEARCH_USER_PATHS = NO;
				CLANG_ANALYZER_NONNULL = YES;
				CLANG_ANALYZER_NUMBER_OBJECT_CONVERSION = YES_AGGRESSIVE;
				CLANG_CXX_LANGUAGE_STANDARD = "gnu++14";
				CLANG_CXX_LIBRARY = "libc++";
				CLANG_ENABLE_MODULES = YES;
				CLANG_ENABLE_OBJC_ARC = NO;
				CLANG_ENABLE_OBJC_WEAK = YES;
				CLANG_WARN_BLOCK_CAPTURE_AUTORELEASING = YES;
				CLANG_WARN_BOOL_CONVERSION = YES;
				CLANG_WARN_COMMA = YES;
				CLANG_WARN_CONSTANT_CONVERSION = YES;
				CLANG_WARN_DEPRECATED_OBJC_IMPLEMENTATIONS = YES;
				CLANG_WARN_DIRECT_OBJC_ISA_USAGE = YES_ERROR;
				CLANG_WARN_DOCUMENTATION_COMMENTS = YES;
				CLANG_WARN_EMPTY_BODY = YES;
				CLANG_WARN_ENUM_CONVERSION = YES;
				CLANG_WARN_INFINITE_RECURSION = YES;
				CLANG_WARN_INT_CONVERSION = YES;
				CLANG_WARN_NON_LITERAL_NULL_CONVERSION = YES;
				CLANG_WARN_OBJC_IMPLICIT_RETAIN_SELF = YES;
				CLANG_WARN_OBJC_LITERAL_CONVERSION = YES;
				CLANG_WARN_OBJC_ROOT_CLASS = YES_ERROR;
				CLANG_WARN_RANGE_LOOP_ANALYSIS = YES;
				CLANG_WARN_STRICT_PROTOTYPES = YES;
				CLANG_WARN_SUSPICIOUS_MOVE = YES;
				CLANG_WARN_UNGUARDED_AVAILABILITY = YES_AGGRESSIVE;
				CLANG_WARN_UNREACHABLE_CODE = YES;
				CLANG_WARN__DUPLICATE_METHOD_MATCH = YES;
				CODE_SIGN_IDENTITY = "Mac Developer";
				COPY_PHASE_STRIP = NO;
				DEBUG_INFORMATION_FORMAT = dwarf;
				ENABLE_STRICT_OBJC_MSGSEND = YES;
				ENABLE_TESTABILITY = YES;
				GCC_C_LANGUAGE_STANDARD = gnu99;
				GCC_DYNAMIC_NO_PIC = NO;
				GCC_NO_COMMON_BLOCKS = YES;
				GCC_OPTIMIZATION_LEVEL = 0;
				GCC_PREPROCESSOR_DEFINITIONS = (
					"DEBUG=1",
					"$(inherited)",
				);
				GCC_WARN_64_TO_32_BIT_CONVERSION = YES;
				GCC_WARN_ABOUT_RETURN_TYPE = YES_ERROR;
				GCC_WARN_UNDECLARED_SELECTOR = YES;
				GCC_WARN_UNINITIALIZED_AUTOS = YES_AGGRESSIVE;
				GCC_WARN_UNUSED_FUNCTION = YES;
				GCC_WARN_UNUSED_VARIABLE = YES;
				MACOSX_DEPLOYMENT_TARGET = 10.14;
				MTL_ENABLE_DEBUG_INFO = INCLUDE_SOURCE;
				MTL_FAST_MATH = YES;
				ONLY_ACTIVE_ARCH = YES;
				SDKROOT = macosx;
			};
			name = Debug;
		};
		28054D482275004B00A6881E /* Release */ = {
			isa = XCBuildConfiguration;
			buildSettings = {
				ALWAYS_SEARCH_USER_PATHS = NO;
				CLANG_ANALYZER_NONNULL = YES;
				CLANG_ANALYZER_NUMBER_OBJECT_CONVERSION = YES_AGGRESSIVE;
				CLANG_CXX_LANGUAGE_STANDARD = "gnu++14";
				CLANG_CXX_LIBRARY = "libc++";
				CLANG_ENABLE_MODULES = YES;
				CLANG_ENABLE_OBJC_ARC = NO;
				CLANG_ENABLE_OBJC_WEAK = YES;
				CLANG_WARN_BLOCK_CAPTURE_AUTORELEASING = YES;
				CLANG_WARN_BOOL_CONVERSION = YES;
				CLANG_WARN_COMMA = YES;
				CLANG_WARN_CONSTANT_CONVERSION = YES;
				CLANG_WARN_DEPRECATED_OBJC_IMPLEMENTATIONS = YES;
				CLANG_WARN_DIRECT_OBJC_ISA_USAGE = YES_ERROR;
				CLANG_WARN_DOCUMENTATION_COMMENTS = YES;
				CLANG_WARN_EMPTY_BODY = YES;
				CLANG_WARN_ENUM_CONVERSION = YES;
				CLANG_WARN_INFINITE_RECURSION = YES;
				CLANG_WARN_INT_CONVERSION = YES;
				CLANG_WARN_NON_LITERAL_NULL_CONVERSION = YES;
				CLANG_WARN_OBJC_IMPLICIT_RETAIN_SELF = YES;
				CLANG_WARN_OBJC_LITERAL_CONVERSION = YES;
				CLANG_WARN_OBJC_ROOT_CLASS = YES_ERROR;
				CLANG_WARN_RANGE_LOOP_ANALYSIS = YES;
				CLANG_WARN_STRICT_PROTOTYPES = YES;
				CLANG_WARN_SUSPICIOUS_MOVE = YES;
				CLANG_WARN_UNGUARDED_AVAILABILITY = YES_AGGRESSIVE;
				CLANG_WARN_UNREACHABLE_CODE = YES;
				CLANG_WARN__DUPLICATE_METHOD_MATCH = YES;
				CODE_SIGN_IDENTITY = "Mac Developer";
				COPY_PHASE_STRIP = NO;
				DEBUG_INFORMATION_FORMAT = "dwarf-with-dsym";
				ENABLE_NS_ASSERTIONS = NO;
				ENABLE_STRICT_OBJC_MSGSEND = YES;
				GCC_C_LANGUAGE_STANDARD = gnu99;
				GCC_NO_COMMON_BLOCKS = YES;
				GCC_WARN_64_TO_32_BIT_CONVERSION = YES;
				GCC_WARN_ABOUT_RETURN_TYPE = YES_ERROR;
				GCC_WARN_UNDECLARED_SELECTOR = YES;
				GCC_WARN_UNINITIALIZED_AUTOS = YES_AGGRESSIVE;
				GCC_WARN_UNUSED_FUNCTION = YES;
				GCC_WARN_UNUSED_VARIABLE = YES;
				MACOSX_DEPLOYMENT_TARGET = 10.14;
				MTL_ENABLE_DEBUG_INFO = NO;
				MTL_FAST_MATH = YES;
				SDKROOT = macosx;
			};
			name = Release;
		};
		28054D4A2275004B00A6881E /* Debug */ = {
			isa = XCBuildConfiguration;
			buildSettings = {
				CODE_SIGN_STYLE = Automatic;
				DEVELOPMENT_TEAM = UJXNDZ5TNU;
				DYLIB_COMPATIBILITY_VERSION = 1;
				DYLIB_CURRENT_VERSION = 1;
				EXECUTABLE_PREFIX = lib;
				GCC_SYMBOLS_PRIVATE_EXTERN = YES;
				HEADER_SEARCH_PATHS = (
					"$(SRCROOT)/include",
					"/usr/local/Cellar/libffi/3.2.1/lib/libffi-3.2.1/include",
				);
				LIBRARY_SEARCH_PATHS = (
					"$(inherited)",
					"$(PROJECT_DIR)",
				);
				OTHER_LDFLAGS = (
					"-sectcreate",
					__DATA,
					__aah_meth_sigs,
					"\"$(DERIVED_FILE_DIR)/SymbolTable.plist.bin\"",
				);
				PRODUCT_NAME = "$(TARGET_NAME)";
				SKIP_INSTALL = YES;
				USER_HEADER_SEARCH_PATHS = "$(SRCROOT)/Sources";
			};
			name = Debug;
		};
		28054D4B2275004B00A6881E /* Release */ = {
			isa = XCBuildConfiguration;
			buildSettings = {
				CODE_SIGN_STYLE = Automatic;
				DEVELOPMENT_TEAM = UJXNDZ5TNU;
				DYLIB_COMPATIBILITY_VERSION = 1;
				DYLIB_CURRENT_VERSION = 1;
				EXECUTABLE_PREFIX = lib;
				GCC_SYMBOLS_PRIVATE_EXTERN = YES;
				HEADER_SEARCH_PATHS = (
					"$(SRCROOT)/include",
					"/usr/local/Cellar/libffi/3.2.1/lib/libffi-3.2.1/include",
				);
				LIBRARY_SEARCH_PATHS = (
					"$(inherited)",
					"$(PROJECT_DIR)",
				);
				OTHER_LDFLAGS = (
					"-sectcreate",
					__DATA,
					__aah_meth_sigs,
					"\"$(DERIVED_FILE_DIR)/SymbolTable.plist.bin\"",
				);
				PRODUCT_NAME = "$(TARGET_NAME)";
				SKIP_INSTALL = YES;
				USER_HEADER_SEARCH_PATHS = "$(SRCROOT)/Sources";
			};
			name = Release;
		};
/* End XCBuildConfiguration section */

/* Begin XCConfigurationList section */
		28054D402275004B00A6881E /* Build configuration list for PBXProject "aah" */ = {
			isa = XCConfigurationList;
			buildConfigurations = (
				28054D472275004B00A6881E /* Debug */,
				28054D482275004B00A6881E /* Release */,
			);
			defaultConfigurationIsVisible = 0;
			defaultConfigurationName = Release;
		};
		28054D492275004B00A6881E /* Build configuration list for PBXNativeTarget "aah" */ = {
			isa = XCConfigurationList;
			buildConfigurations = (
				28054D4A2275004B00A6881E /* Debug */,
				28054D4B2275004B00A6881E /* Release */,
			);
			defaultConfigurationIsVisible = 0;
			defaultConfigurationName = Release;
		};
/* End XCConfigurationList section */
	};
	rootObject = 28054D3D2275004B00A6881E /* Project object */;
}
